// !$*UTF8*$!
{
	archiveVersion = 1;
	classes = {
	};
	objectVersion = 50;
	objects = {

/* Begin PBXBuildFile section */
		5E63D95E221C2F2C007DACEF /* AppDelegate.swift in Sources */ = {isa = PBXBuildFile; fileRef = 5E63D95D221C2F2C007DACEF /* AppDelegate.swift */; };
		5E63D960221C2F2C007DACEF /* ViewController.swift in Sources */ = {isa = PBXBuildFile; fileRef = 5E63D95F221C2F2C007DACEF /* ViewController.swift */; };
		5E63D963221C2F2C007DACEF /* Main.storyboard in Resources */ = {isa = PBXBuildFile; fileRef = 5E63D961221C2F2C007DACEF /* Main.storyboard */; };
		5E63D965221C2F2D007DACEF /* Assets.xcassets in Resources */ = {isa = PBXBuildFile; fileRef = 5E63D964221C2F2D007DACEF /* Assets.xcassets */; };
		5E63D968221C2F2D007DACEF /* LaunchScreen.storyboard in Resources */ = {isa = PBXBuildFile; fileRef = 5E63D966221C2F2D007DACEF /* LaunchScreen.storyboard */; };
		5E63D970221C2F4C007DACEF /* SchedulePicker.swift in Sources */ = {isa = PBXBuildFile; fileRef = 5E63D96F221C2F4C007DACEF /* SchedulePicker.swift */; };
		5E63D972221C3A14007DACEF /* UserDefaults.swift in Sources */ = {isa = PBXBuildFile; fileRef = 5E63D971221C3A14007DACEF /* UserDefaults.swift */; };
		5E63D975221C6331007DACEF /* Schedule.swift in Sources */ = {isa = PBXBuildFile; fileRef = 5E63D974221C6331007DACEF /* Schedule.swift */; };
		5E63D977221C644F007DACEF /* UIColor.swift in Sources */ = {isa = PBXBuildFile; fileRef = 5E63D976221C644F007DACEF /* UIColor.swift */; };
/* End PBXBuildFile section */

/* Begin PBXFileReference section */
		5E63D95A221C2F2C007DACEF /* Schedules.app */ = {isa = PBXFileReference; explicitFileType = wrapper.application; includeInIndex = 0; path = Schedules.app; sourceTree = BUILT_PRODUCTS_DIR; };
		5E63D95D221C2F2C007DACEF /* AppDelegate.swift */ = {isa = PBXFileReference; lastKnownFileType = sourcecode.swift; path = AppDelegate.swift; sourceTree = "<group>"; };
		5E63D95F221C2F2C007DACEF /* ViewController.swift */ = {isa = PBXFileReference; lastKnownFileType = sourcecode.swift; path = ViewController.swift; sourceTree = "<group>"; };
		5E63D962221C2F2C007DACEF /* Base */ = {isa = PBXFileReference; lastKnownFileType = file.storyboard; name = Base; path = Base.lproj/Main.storyboard; sourceTree = "<group>"; };
		5E63D964221C2F2D007DACEF /* Assets.xcassets */ = {isa = PBXFileReference; lastKnownFileType = folder.assetcatalog; path = Assets.xcassets; sourceTree = "<group>"; };
		5E63D967221C2F2D007DACEF /* Base */ = {isa = PBXFileReference; lastKnownFileType = file.storyboard; name = Base; path = Base.lproj/LaunchScreen.storyboard; sourceTree = "<group>"; };
		5E63D969221C2F2D007DACEF /* Info.plist */ = {isa = PBXFileReference; lastKnownFileType = text.plist.xml; path = Info.plist; sourceTree = "<group>"; };
		5E63D96F221C2F4C007DACEF /* SchedulePicker.swift */ = {isa = PBXFileReference; lastKnownFileType = sourcecode.swift; path = SchedulePicker.swift; sourceTree = "<group>"; };
		5E63D971221C3A14007DACEF /* UserDefaults.swift */ = {isa = PBXFileReference; lastKnownFileType = sourcecode.swift; path = UserDefaults.swift; sourceTree = "<group>"; };
		5E63D974221C6331007DACEF /* Schedule.swift */ = {isa = PBXFileReference; lastKnownFileType = sourcecode.swift; path = Schedule.swift; sourceTree = "<group>"; };
		5E63D976221C644F007DACEF /* UIColor.swift */ = {isa = PBXFileReference; lastKnownFileType = sourcecode.swift; path = UIColor.swift; sourceTree = "<group>"; };
/* End PBXFileReference section */

/* Begin PBXFrameworksBuildPhase section */
		5E63D957221C2F2C007DACEF /* Frameworks */ = {
			isa = PBXFrameworksBuildPhase;
			buildActionMask = 2147483647;
			files = (
			);
			runOnlyForDeploymentPostprocessing = 0;
		};
/* End PBXFrameworksBuildPhase section */

/* Begin PBXGroup section */
		5E63D951221C2F2C007DACEF = {
			isa = PBXGroup;
			children = (
				5E63D95C221C2F2C007DACEF /* Schedules */,
				5E63D95B221C2F2C007DACEF /* Products */,
			);
			sourceTree = "<group>";
		};
		5E63D95B221C2F2C007DACEF /* Products */ = {
			isa = PBXGroup;
			children = (
				5E63D95A221C2F2C007DACEF /* Schedules.app */,
			);
			name = Products;
			sourceTree = "<group>";
		};
		5E63D95C221C2F2C007DACEF /* Schedules */ = {
			isa = PBXGroup;
			children = (
				5E63D95D221C2F2C007DACEF /* AppDelegate.swift */,
				5E63D95F221C2F2C007DACEF /* ViewController.swift */,
				5E63D961221C2F2C007DACEF /* Main.storyboard */,
				5E63D964221C2F2D007DACEF /* Assets.xcassets */,
				5E63D966221C2F2D007DACEF /* LaunchScreen.storyboard */,
				5E63D969221C2F2D007DACEF /* Info.plist */,
				5E63D978221C6A57007DACEF /* SchedulePicker */,
				5E63D973221C3CB0007DACEF /* Extensions */,
			);
			path = Schedules;
			sourceTree = "<group>";
		};
		5E63D973221C3CB0007DACEF /* Extensions */ = {
			isa = PBXGroup;
			children = (
				5E63D971221C3A14007DACEF /* UserDefaults.swift */,
				5E63D976221C644F007DACEF /* UIColor.swift */,
			);
			path = Extensions;
			sourceTree = "<group>";
		};
		5E63D978221C6A57007DACEF /* SchedulePicker */ = {
			isa = PBXGroup;
			children = (
				5E63D974221C6331007DACEF /* Schedule.swift */,
				5E63D96F221C2F4C007DACEF /* SchedulePicker.swift */,
			);
			path = SchedulePicker;
			sourceTree = "<group>";
		};
/* End PBXGroup section */

/* Begin PBXNativeTarget section */
		5E63D959221C2F2C007DACEF /* Schedules */ = {
			isa = PBXNativeTarget;
			buildConfigurationList = 5E63D96C221C2F2D007DACEF /* Build configuration list for PBXNativeTarget "Schedules" */;
			buildPhases = (
				5E63D956221C2F2C007DACEF /* Sources */,
				5E63D957221C2F2C007DACEF /* Frameworks */,
				5E63D958221C2F2C007DACEF /* Resources */,
			);
			buildRules = (
			);
			dependencies = (
			);
			name = Schedules;
			productName = Schedules;
			productReference = 5E63D95A221C2F2C007DACEF /* Schedules.app */;
			productType = "com.apple.product-type.application";
		};
/* End PBXNativeTarget section */

/* Begin PBXProject section */
		5E63D952221C2F2C007DACEF /* Project object */ = {
			isa = PBXProject;
			attributes = {
				LastSwiftUpdateCheck = 1010;
				LastUpgradeCheck = 1010;
				ORGANIZATIONNAME = Matheus;
				TargetAttributes = {
					5E63D959221C2F2C007DACEF = {
						CreatedOnToolsVersion = 10.1;
					};
				};
			};
			buildConfigurationList = 5E63D955221C2F2C007DACEF /* Build configuration list for PBXProject "Schedules" */;
			compatibilityVersion = "Xcode 9.3";
			developmentRegion = en;
			hasScannedForEncodings = 0;
			knownRegions = (
				en,
				Base,
			);
			mainGroup = 5E63D951221C2F2C007DACEF;
			productRefGroup = 5E63D95B221C2F2C007DACEF /* Products */;
			projectDirPath = "";
			projectRoot = "";
			targets = (
				5E63D959221C2F2C007DACEF /* Schedules */,
			);
		};
/* End PBXProject section */

/* Begin PBXResourcesBuildPhase section */
		5E63D958221C2F2C007DACEF /* Resources */ = {
			isa = PBXResourcesBuildPhase;
			buildActionMask = 2147483647;
			files = (
				5E63D968221C2F2D007DACEF /* LaunchScreen.storyboard in Resources */,
				5E63D965221C2F2D007DACEF /* Assets.xcassets in Resources */,
				5E63D963221C2F2C007DACEF /* Main.storyboard in Resources */,
			);
			runOnlyForDeploymentPostprocessing = 0;
		};
/* End PBXResourcesBuildPhase section */

/* Begin PBXSourcesBuildPhase section */
		5E63D956221C2F2C007DACEF /* Sources */ = {
			isa = PBXSourcesBuildPhase;
			buildActionMask = 2147483647;
			files = (
				5E63D972221C3A14007DACEF /* UserDefaults.swift in Sources */,
				5E63D977221C644F007DACEF /* UIColor.swift in Sources */,
				5E63D960221C2F2C007DACEF /* ViewController.swift in Sources */,
				5E63D970221C2F4C007DACEF /* SchedulePicker.swift in Sources */,
				5E63D975221C6331007DACEF /* Schedule.swift in Sources */,
				5E63D95E221C2F2C007DACEF /* AppDelegate.swift in Sources */,
			);
			runOnlyForDeploymentPostprocessing = 0;
		};
/* End PBXSourcesBuildPhase section */

/* Begin PBXVariantGroup section */
		5E63D961221C2F2C007DACEF /* Main.storyboard */ = {
			isa = PBXVariantGroup;
			children = (
				5E63D962221C2F2C007DACEF /* Base */,
			);
			name = Main.storyboard;
			sourceTree = "<group>";
		};
		5E63D966221C2F2D007DACEF /* LaunchScreen.storyboard */ = {
			isa = PBXVariantGroup;
			children = (
				5E63D967221C2F2D007DACEF /* Base */,
			);
			name = LaunchScreen.storyboard;
			sourceTree = "<group>";
		};
/* End PBXVariantGroup section */

/* Begin XCBuildConfiguration section */
		5E63D96A221C2F2D007DACEF /* Debug */ = {
			isa = XCBuildConfiguration;
			buildSettings = {
				ALWAYS_SEARCH_USER_PATHS = NO;
				CLANG_ANALYZER_NONNULL = YES;
				CLANG_ANALYZER_NUMBER_OBJECT_CONVERSION = YES_AGGRESSIVE;
				CLANG_CXX_LANGUAGE_STANDARD = "gnu++14";
				CLANG_CXX_LIBRARY = "libc++";
				CLANG_ENABLE_MODULES = YES;
				CLANG_ENABLE_OBJC_ARC = YES;
				CLANG_ENABLE_OBJC_WEAK = YES;
				CLANG_WARN_BLOCK_CAPTURE_AUTORELEASING = YES;
				CLANG_WARN_BOOL_CONVERSION = YES;
				CLANG_WARN_COMMA = YES;
				CLANG_WARN_CONSTANT_CONVERSION = YES;
				CLANG_WARN_DEPRECATED_OBJC_IMPLEMENTATIONS = YES;
				CLANG_WARN_DIRECT_OBJC_ISA_USAGE = YES_ERROR;
				CLANG_WARN_DOCUMENTATION_COMMENTS = YES;
				CLANG_WARN_EMPTY_BODY = YES;
				CLANG_WARN_ENUM_CONVERSION = YES;
				CLANG_WARN_INFINITE_RECURSION = YES;
				CLANG_WARN_INT_CONVERSION = YES;
				CLANG_WARN_NON_LITERAL_NULL_CONVERSION = YES;
				CLANG_WARN_OBJC_IMPLICIT_RETAIN_SELF = YES;
				CLANG_WARN_OBJC_LITERAL_CONVERSION = YES;
				CLANG_WARN_OBJC_ROOT_CLASS = YES_ERROR;
				CLANG_WARN_RANGE_LOOP_ANALYSIS = YES;
				CLANG_WARN_STRICT_PROTOTYPES = YES;
				CLANG_WARN_SUSPICIOUS_MOVE = YES;
				CLANG_WARN_UNGUARDED_AVAILABILITY = YES_AGGRESSIVE;
				CLANG_WARN_UNREACHABLE_CODE = YES;
				CLANG_WARN__DUPLICATE_METHOD_MATCH = YES;
				CODE_SIGN_IDENTITY = "iPhone Developer";
				COPY_PHASE_STRIP = NO;
				DEBUG_INFORMATION_FORMAT = dwarf;
				ENABLE_STRICT_OBJC_MSGSEND = YES;
				ENABLE_TESTABILITY = YES;
				GCC_C_LANGUAGE_STANDARD = gnu11;
				GCC_DYNAMIC_NO_PIC = NO;
				GCC_NO_COMMON_BLOCKS = YES;
				GCC_OPTIMIZATION_LEVEL = 0;
				GCC_PREPROCESSOR_DEFINITIONS = (
					"DEBUG=1",
					"$(inherited)",
				);
				GCC_WARN_64_TO_32_BIT_CONVERSION = YES;
				GCC_WARN_ABOUT_RETURN_TYPE = YES_ERROR;
				GCC_WARN_UNDECLARED_SELECTOR = YES;
				GCC_WARN_UNINITIALIZED_AUTOS = YES_AGGRESSIVE;
				GCC_WARN_UNUSED_FUNCTION = YES;
				GCC_WARN_UNUSED_VARIABLE = YES;
				IPHONEOS_DEPLOYMENT_TARGET = 12.1;
				MTL_ENABLE_DEBUG_INFO = INCLUDE_SOURCE;
				MTL_FAST_MATH = YES;
				ONLY_ACTIVE_ARCH = YES;
				SDKROOT = iphoneos;
				SWIFT_ACTIVE_COMPILATION_CONDITIONS = DEBUG;
				SWIFT_OPTIMIZATION_LEVEL = "-Onone";
			};
			name = Debug;
		};
		5E63D96B221C2F2D007DACEF /* Release */ = {
			isa = XCBuildConfiguration;
			buildSettings = {
				ALWAYS_SEARCH_USER_PATHS = NO;
				CLANG_ANALYZER_NONNULL = YES;
				CLANG_ANALYZER_NUMBER_OBJECT_CONVERSION = YES_AGGRESSIVE;
				CLANG_CXX_LANGUAGE_STANDARD = "gnu++14";
				CLANG_CXX_LIBRARY = "libc++";
				CLANG_ENABLE_MODULES = YES;
				CLANG_ENABLE_OBJC_ARC = YES;
				CLANG_ENABLE_OBJC_WEAK = YES;
				CLANG_WARN_BLOCK_CAPTURE_AUTORELEASING = YES;
				CLANG_WARN_BOOL_CONVERSION = YES;
				CLANG_WARN_COMMA = YES;
				CLANG_WARN_CONSTANT_CONVERSION = YES;
				CLANG_WARN_DEPRECATED_OBJC_IMPLEMENTATIONS = YES;
				CLANG_WARN_DIRECT_OBJC_ISA_USAGE = YES_ERROR;
				CLANG_WARN_DOCUMENTATION_COMMENTS = YES;
				CLANG_WARN_EMPTY_BODY = YES;
				CLANG_WARN_ENUM_CONVERSION = YES;
				CLANG_WARN_INFINITE_RECURSION = YES;
				CLANG_WARN_INT_CONVERSION = YES;
				CLANG_WARN_NON_LITERAL_NULL_CONVERSION = YES;
				CLANG_WARN_OBJC_IMPLICIT_RETAIN_SELF = YES;
				CLANG_WARN_OBJC_LITERAL_CONVERSION = YES;
				CLANG_WARN_OBJC_ROOT_CLASS = YES_ERROR;
				CLANG_WARN_RANGE_LOOP_ANALYSIS = YES;
				CLANG_WARN_STRICT_PROTOTYPES = YES;
				CLANG_WARN_SUSPICIOUS_MOVE = YES;
				CLANG_WARN_UNGUARDED_AVAILABILITY = YES_AGGRESSIVE;
				CLANG_WARN_UNREACHABLE_CODE = YES;
				CLANG_WARN__DUPLICATE_METHOD_MATCH = YES;
				CODE_SIGN_IDENTITY = "iPhone Developer";
				COPY_PHASE_STRIP = NO;
				DEBUG_INFORMATION_FORMAT = "dwarf-with-dsym";
				ENABLE_NS_ASSERTIONS = NO;
				ENABLE_STRICT_OBJC_MSGSEND = YES;
				GCC_C_LANGUAGE_STANDARD = gnu11;
				GCC_NO_COMMON_BLOCKS = YES;
				GCC_WARN_64_TO_32_BIT_CONVERSION = YES;
				GCC_WARN_ABOUT_RETURN_TYPE = YES_ERROR;
				GCC_WARN_UNDECLARED_SELECTOR = YES;
				GCC_WARN_UNINITIALIZED_AUTOS = YES_AGGRESSIVE;
				GCC_WARN_UNUSED_FUNCTION = YES;
				GCC_WARN_UNUSED_VARIABLE = YES;
				IPHONEOS_DEPLOYMENT_TARGET = 12.1;
				MTL_ENABLE_DEBUG_INFO = NO;
				MTL_FAST_MATH = YES;
				SDKROOT = iphoneos;
				SWIFT_COMPILATION_MODE = wholemodule;
				SWIFT_OPTIMIZATION_LEVEL = "-O";
				VALIDATE_PRODUCT = YES;
			};
			name = Release;
		};
		5E63D96D221C2F2D007DACEF /* Debug */ = {
			isa = XCBuildConfiguration;
			buildSettings = {
				ASSETCATALOG_COMPILER_APPICON_NAME = AppIcon;
				CODE_SIGN_STYLE = Automatic;
				DEVELOPMENT_TEAM = ZB6VQ3ZVBQ;
				INFOPLIST_FILE = Schedules/Info.plist;
				LD_RUNPATH_SEARCH_PATHS = (
					"$(inherited)",
					"@executable_path/Frameworks",
				);
				PRODUCT_BUNDLE_IDENTIFIER = Fusco.Schedules;
				PRODUCT_NAME = "$(TARGET_NAME)";
				SWIFT_VERSION = 4.2;
				TARGETED_DEVICE_FAMILY = "1,2";
			};
			name = Debug;
		};
		5E63D96E221C2F2D007DACEF /* Release */ = {
			isa = XCBuildConfiguration;
			buildSettings = {
				ASSETCATALOG_COMPILER_APPICON_NAME = AppIcon;
				CODE_SIGN_STYLE = Automatic;
				DEVELOPMENT_TEAM = ZB6VQ3ZVBQ;
				INFOPLIST_FILE = Schedules/Info.plist;
				LD_RUNPATH_SEARCH_PATHS = (
					"$(inherited)",
					"@executable_path/Frameworks",
				);
				PRODUCT_BUNDLE_IDENTIFIER = Fusco.Schedules;
				PRODUCT_NAME = "$(TARGET_NAME)";
				SWIFT_VERSION = 4.2;
				TARGETED_DEVICE_FAMILY = "1,2";
			};
			name = Release;
		};
/* End XCBuildConfiguration section */

/* Begin XCConfigurationList section */
		5E63D955221C2F2C007DACEF /* Build configuration list for PBXProject "Schedules" */ = {
			isa = XCConfigurationList;
			buildConfigurations = (
				5E63D96A221C2F2D007DACEF /* Debug */,
				5E63D96B221C2F2D007DACEF /* Release */,
			);
			defaultConfigurationIsVisible = 0;
			defaultConfigurationName = Release;
		};
		5E63D96C221C2F2D007DACEF /* Build configuration list for PBXNativeTarget "Schedules" */ = {
			isa = XCConfigurationList;
			buildConfigurations = (
				5E63D96D221C2F2D007DACEF /* Debug */,
				5E63D96E221C2F2D007DACEF /* Release */,
			);
			defaultConfigurationIsVisible = 0;
			defaultConfigurationName = Release;
		};
/* End XCConfigurationList section */
	};
	rootObject = 5E63D952221C2F2C007DACEF /* Project object */;
}
